
Microsoft Visual Studio Solution File, Format Version 12.00
# Visual Studio Version 16
VisualStudioVersion = 16.0.31025.194
MinimumVisualStudioVersion = 10.0.40219.1
Project("{FAE04EC0-301F-11D3-BF4B-00C04F79EFBC}") = "UnitTestProject1", "UnitTestProject1\UnitTestProject1.csproj", "{510CAA7A-A2E4-4C0C-A50D-9B0F313958A2}"
EndProject
Project("{FAE04EC0-301F-11D3-BF4B-00C04F79EFBC}") = "ValueTypes", "ValueTypes\ValueTypes.csproj", "{0B0AED44-47B8-4C13-AFBB-A6681150FB16}"
EndProject
Global
	GlobalSection(SolutionConfigurationPlatforms) = preSolution
		Debug|Any CPU = Debug|Any CPU
		Release|Any CPU = Release|Any CPU
	EndGlobalSection
	GlobalSection(ProjectConfigurationPlatforms) = postSolution
		{510CAA7A-A2E4-4C0C-A50D-9B0F313958A2}.Debug|Any CPU.ActiveCfg = Debug|Any CPU
		{510CAA7A-A2E4-4C0C-A50D-9B0F313958A2}.Debug|Any CPU.Build.0 = Debug|Any CPU
		{510CAA7A-A2E4-4C0C-A50D-9B0F313958A2}.Release|Any CPU.ActiveCfg = Release|Any CPU
		{510CAA7A-A2E4-4C0C-A50D-9B0F313958A2}.Release|Any CPU.Build.0 = Release|Any CPU
		{0B0AED44-47B8-4C13-AFBB-A6681150FB16}.Debug|Any CPU.ActiveCfg = Debug|Any CPU
		{0B0AED44-47B8-4C13-AFBB-A6681150FB16}.Debug|Any CPU.Build.0 = Debug|Any CPU
		{0B0AED44-47B8-4C13-AFBB-A6681150FB16}.Release|Any CPU.ActiveCfg = Release|Any CPU
		{0B0AED44-47B8-4C13-AFBB-A6681150FB16}.Release|Any CPU.Build.0 = Release|Any CPU
	EndGlobalSection
	GlobalSection(SolutionProperties) = preSolution
		HideSolutionNode = FALSE
	EndGlobalSection
	GlobalSection(ExtensibilityGlobals) = postSolution
		SolutionGuid = {11F0972A-46A5-468E-BD9F-8122FF6604C3}
	EndGlobalSection
EndGlobal
